
Microsoft Visual Studio Solution File, Format Version 12.00
# Visual Studio Version 17
VisualStudioVersion = 17.10.35027.167
MinimumVisualStudioVersion = 10.0.40219.1
Project("{FAE04EC0-301F-11D3-BF4B-00C04F79EFBC}") = "Proyecto_Final_Estructura_De_Datos", "Proyecto_Final_Estructura_De_Datos.csproj", "{6C08CD49-834A-4B87-A41A-5567497AE683}"
EndProject
Global
	GlobalSection(SolutionConfigurationPlatforms) = preSolution
		Debug|Any CPU = Debug|Any CPU
		Release|Any CPU = Release|Any CPU
	EndGlobalSection
	GlobalSection(ProjectConfigurationPlatforms) = postSolution
		{6C08CD49-834A-4B87-A41A-5567497AE683}.Debug|Any CPU.ActiveCfg = Debug|Any CPU
		{6C08CD49-834A-4B87-A41A-5567497AE683}.Debug|Any CPU.Build.0 = Debug|Any CPU
		{6C08CD49-834A-4B87-A41A-5567497AE683}.Release|Any CPU.ActiveCfg = Release|Any CPU
		{6C08CD49-834A-4B87-A41A-5567497AE683}.Release|Any CPU.Build.0 = Release|Any CPU
	EndGlobalSection
	GlobalSection(SolutionProperties) = preSolution
		HideSolutionNode = FALSE
	EndGlobalSection
	GlobalSection(ExtensibilityGlobals) = postSolution
		SolutionGuid = {F7EE1F4F-FAED-4AAA-8C08-B95712C79412}
	EndGlobalSection
EndGlobal
